
Microsoft Visual Studio Solution File, Format Version 12.00
# Visual Studio Version 17
VisualStudioVersion = 17.5.002.0
MinimumVisualStudioVersion = 10.0.40219.1
Project("{9A19103F-16F7-4668-BE54-9A1E7A4F7556}") = "DesafioProjetoHospedagem", "DesafioProjetoHospedagem.csproj", "{94A57640-40EB-46D3-9AEC-87777625F5F9}"
EndProject
Global
	GlobalSection(SolutionConfigurationPlatforms) = preSolution
		Debug|Any CPU = Debug|Any CPU
		Release|Any CPU = Release|Any CPU
	EndGlobalSection
	GlobalSection(ProjectConfigurationPlatforms) = postSolution
		{94A57640-40EB-46D3-9AEC-87777625F5F9}.Debug|Any CPU.ActiveCfg = Debug|Any CPU
		{94A57640-40EB-46D3-9AEC-87777625F5F9}.Debug|Any CPU.Build.0 = Debug|Any CPU
		{94A57640-40EB-46D3-9AEC-87777625F5F9}.Release|Any CPU.ActiveCfg = Release|Any CPU
		{94A57640-40EB-46D3-9AEC-87777625F5F9}.Release|Any CPU.Build.0 = Release|Any CPU
	EndGlobalSection
	GlobalSection(SolutionProperties) = preSolution
		HideSolutionNode = FALSE
	EndGlobalSection
	GlobalSection(ExtensibilityGlobals) = postSolution
		SolutionGuid = {840071A7-B7FE-4838-8C74-2F139410E8B8}
	EndGlobalSection
EndGlobal
